PODS:
  - MASShortcut (2.4.0)
  - Sparkle (2.3.1)

DEPENDENCIES:
  - MASShortcut
  - Sparkle

SPEC REPOS:
  trunk:
    - MASShortcut
    - Sparkle

SPEC CHECKSUMS:
  MASShortcut: d9e4909e878661cc42877cc9d6efbe638273ab57
  Sparkle: d64df28df56d0b1f98e13653b31b106dbc856c72

PODFILE CHECKSUM: c367f9d9cae4facf7b8846998e297300ca9ebcac

COCOAPODS: 1.11.3
